
Microsoft Visual Studio Solution File, Format Version 11.00
# Visual Studio 2010
Project("{FAE04EC0-301F-11D3-BF4B-00C04F79EFBC}") = "@_Alligator", "@_Alligator\@_Alligator.csproj", "{71B84F91-09A9-49C9-B647-5FD0A430D47A}"
EndProject
Global
	GlobalSection(SolutionConfigurationPlatforms) = preSolution
		Debug|Any CPU = Debug|Any CPU
		Release|Any CPU = Release|Any CPU
	EndGlobalSection
	GlobalSection(ProjectConfigurationPlatforms) = postSolution
		{71B84F91-09A9-49C9-B647-5FD0A430D47A}.Debug|Any CPU.ActiveCfg = Debug|Any CPU
		{71B84F91-09A9-49C9-B647-5FD0A430D47A}.Debug|Any CPU.Build.0 = Debug|Any CPU
		{71B84F91-09A9-49C9-B647-5FD0A430D47A}.Release|Any CPU.ActiveCfg = Release|Any CPU
		{71B84F91-09A9-49C9-B647-5FD0A430D47A}.Release|Any CPU.Build.0 = Release|Any CPU
	EndGlobalSection
	GlobalSection(SolutionProperties) = preSolution
		HideSolutionNode = FALSE
	EndGlobalSection
EndGlobal
