
Microsoft Visual Studio Solution File, Format Version 11.00
# Visual Studio 2010
Project("{FAE04EC0-301F-11D3-BF4B-00C04F79EFBC}") = "Metals_MAS", "Metals_MAS\Metals_MAS.csproj", "{FCC8C7DC-30B9-4812-B790-E009CAD6B176}"
EndProject
Global
	GlobalSection(SolutionConfigurationPlatforms) = preSolution
		Debug|Any CPU = Debug|Any CPU
		Release|Any CPU = Release|Any CPU
	EndGlobalSection
	GlobalSection(ProjectConfigurationPlatforms) = postSolution
		{FCC8C7DC-30B9-4812-B790-E009CAD6B176}.Debug|Any CPU.ActiveCfg = Debug|Any CPU
		{FCC8C7DC-30B9-4812-B790-E009CAD6B176}.Debug|Any CPU.Build.0 = Debug|Any CPU
		{FCC8C7DC-30B9-4812-B790-E009CAD6B176}.Release|Any CPU.ActiveCfg = Release|Any CPU
		{FCC8C7DC-30B9-4812-B790-E009CAD6B176}.Release|Any CPU.Build.0 = Release|Any CPU
	EndGlobalSection
	GlobalSection(SolutionProperties) = preSolution
		HideSolutionNode = FALSE
	EndGlobalSection
EndGlobal

Project("{FAE04EC0-301F-11D3-BF4B-00C04F79EFBC}") = "Metals_MaCross", "..\Metals_MaCross\Metals_MaCross\Metals_MaCross.csproj", "{77ADA415-2333-4325-8902-D979C6B9663C}"
EndProject
Project("{FAE04EC0-301F-11D3-BF4B-00C04F79EFBC}") = "Metals_MaSub", "..\Metals_MaSub\Metals_MaSub\Metals_MaSub.csproj", "{260EC882-0065-4090-BCD9-CCE960F34016}"
EndProject