
Microsoft Visual Studio Solution File, Format Version 12.00
# Visual Studio 2013
VisualStudioVersion = 12.0.30501.0
MinimumVisualStudioVersion = 10.0.40219.1
Project("{FAE04EC0-301F-11D3-BF4B-00C04F79EFBC}") = "Metals_MAS", "Metals_MAS\Metals_MAS.csproj", "{8B82BCC7-716F-4FAE-A595-D69034431C76}"
EndProject
Project("{FAE04EC0-301F-11D3-BF4B-00C04F79EFBC}") = "Metals_MaCross", "..\Metals_MaCross\Metals_MaCross\Metals_MaCross.csproj", "{77ADA415-2333-4325-8902-D979C6B9663C}"
EndProject
Project("{FAE04EC0-301F-11D3-BF4B-00C04F79EFBC}") = "Metals_MaSub", "..\Metals_MaSub\Metals_MaSub\Metals_MaSub.csproj", "{89927847-818D-4958-9712-A89162D99D19}"
EndProject
Global
	GlobalSection(SolutionConfigurationPlatforms) = preSolution
		Debug|Any CPU = Debug|Any CPU
		Release|Any CPU = Release|Any CPU
	EndGlobalSection
	GlobalSection(ProjectConfigurationPlatforms) = postSolution
		{8B82BCC7-716F-4FAE-A595-D69034431C76}.Debug|Any CPU.ActiveCfg = Debug|Any CPU
		{8B82BCC7-716F-4FAE-A595-D69034431C76}.Debug|Any CPU.Build.0 = Debug|Any CPU
		{8B82BCC7-716F-4FAE-A595-D69034431C76}.Release|Any CPU.ActiveCfg = Release|Any CPU
		{8B82BCC7-716F-4FAE-A595-D69034431C76}.Release|Any CPU.Build.0 = Release|Any CPU
		{77ADA415-2333-4325-8902-D979C6B9663C}.Debug|Any CPU.ActiveCfg = Debug|Any CPU
		{77ADA415-2333-4325-8902-D979C6B9663C}.Debug|Any CPU.Build.0 = Debug|Any CPU
		{77ADA415-2333-4325-8902-D979C6B9663C}.Release|Any CPU.ActiveCfg = Release|Any CPU
		{77ADA415-2333-4325-8902-D979C6B9663C}.Release|Any CPU.Build.0 = Release|Any CPU
		{89927847-818D-4958-9712-A89162D99D19}.Debug|Any CPU.ActiveCfg = Debug|Any CPU
		{89927847-818D-4958-9712-A89162D99D19}.Debug|Any CPU.Build.0 = Debug|Any CPU
		{89927847-818D-4958-9712-A89162D99D19}.Release|Any CPU.ActiveCfg = Release|Any CPU
		{89927847-818D-4958-9712-A89162D99D19}.Release|Any CPU.Build.0 = Release|Any CPU
	EndGlobalSection
	GlobalSection(SolutionProperties) = preSolution
		HideSolutionNode = FALSE
	EndGlobalSection
EndGlobal
