
Microsoft Visual Studio Solution File, Format Version 11.00
# Visual Studio 2010
Project("{FAE04EC0-301F-11D3-BF4B-00C04F79EFBC}") = "USD_CADAUD_L", "USD_CADAUD_L\USD_CADAUD_L.csproj", "{DC5A2BB9-CD60-411F-921E-7FA26730FC14}"
EndProject
Global
	GlobalSection(SolutionConfigurationPlatforms) = preSolution
		Debug|Any CPU = Debug|Any CPU
		Release|Any CPU = Release|Any CPU
	EndGlobalSection
	GlobalSection(ProjectConfigurationPlatforms) = postSolution
		{DC5A2BB9-CD60-411F-921E-7FA26730FC14}.Debug|Any CPU.ActiveCfg = Debug|Any CPU
		{DC5A2BB9-CD60-411F-921E-7FA26730FC14}.Debug|Any CPU.Build.0 = Debug|Any CPU
		{DC5A2BB9-CD60-411F-921E-7FA26730FC14}.Release|Any CPU.ActiveCfg = Release|Any CPU
		{DC5A2BB9-CD60-411F-921E-7FA26730FC14}.Release|Any CPU.Build.0 = Release|Any CPU
	EndGlobalSection
	GlobalSection(SolutionProperties) = preSolution
		HideSolutionNode = FALSE
	EndGlobalSection
EndGlobal

Project("{FAE04EC0-301F-11D3-BF4B-00C04F79EFBC}") = "USD_CADAUD", "..\USD_CADAUD\USD_CADAUD\USD_CADAUD.csproj", "{E716A0EF-78B1-4A0E-894D-1FAA37E76281}"
EndProject
Project("{FAE04EC0-301F-11D3-BF4B-00C04F79EFBC}") = "USD_JPYAUD", "..\USD_JPYAUD\USD_JPYAUD\USD_JPYAUD.csproj", "{4DF95CB0-9ACD-42CD-8E12-1DAC72E06119}"
EndProject
Project("{FAE04EC0-301F-11D3-BF4B-00C04F79EFBC}") = "USD_JPYCAD", "..\USD_JPYCAD\USD_JPYCAD\USD_JPYCAD.csproj", "{8A9E611C-C06B-430B-8B3C-8B4D878E17E3}"
EndProject