
Microsoft Visual Studio Solution File, Format Version 12.00
# Visual Studio 2013
VisualStudioVersion = 12.0.30501.0
MinimumVisualStudioVersion = 10.0.40219.1
Project("{FAE04EC0-301F-11D3-BF4B-00C04F79EFBC}") = "Oil_MAS", "Oil_MAS\Oil_MAS.csproj", "{A25947F7-9E20-48E0-8E1C-0115F84A55C9}"
EndProject
Project("{FAE04EC0-301F-11D3-BF4B-00C04F79EFBC}") = "Oil_MaCross", "..\Oil_MaCross\Oil_MaCross\Oil_MaCross.csproj", "{77ADA415-2333-4325-8902-D979C6B9663C}"
EndProject
Project("{FAE04EC0-301F-11D3-BF4B-00C04F79EFBC}") = "Oil_MaSub", "..\Oil_MaSub\Oil_MaSub\Oil_MaSub.csproj", "{8385630B-FBA5-4963-BFFA-129462024820}"
EndProject
Global
	GlobalSection(SolutionConfigurationPlatforms) = preSolution
		Debug|Any CPU = Debug|Any CPU
		Release|Any CPU = Release|Any CPU
	EndGlobalSection
	GlobalSection(ProjectConfigurationPlatforms) = postSolution
		{A25947F7-9E20-48E0-8E1C-0115F84A55C9}.Debug|Any CPU.ActiveCfg = Debug|Any CPU
		{A25947F7-9E20-48E0-8E1C-0115F84A55C9}.Debug|Any CPU.Build.0 = Debug|Any CPU
		{A25947F7-9E20-48E0-8E1C-0115F84A55C9}.Release|Any CPU.ActiveCfg = Release|Any CPU
		{A25947F7-9E20-48E0-8E1C-0115F84A55C9}.Release|Any CPU.Build.0 = Release|Any CPU
		{77ADA415-2333-4325-8902-D979C6B9663C}.Debug|Any CPU.ActiveCfg = Debug|Any CPU
		{77ADA415-2333-4325-8902-D979C6B9663C}.Debug|Any CPU.Build.0 = Debug|Any CPU
		{77ADA415-2333-4325-8902-D979C6B9663C}.Release|Any CPU.ActiveCfg = Release|Any CPU
		{77ADA415-2333-4325-8902-D979C6B9663C}.Release|Any CPU.Build.0 = Release|Any CPU
		{8385630B-FBA5-4963-BFFA-129462024820}.Debug|Any CPU.ActiveCfg = Debug|Any CPU
		{8385630B-FBA5-4963-BFFA-129462024820}.Debug|Any CPU.Build.0 = Debug|Any CPU
		{8385630B-FBA5-4963-BFFA-129462024820}.Release|Any CPU.ActiveCfg = Release|Any CPU
		{8385630B-FBA5-4963-BFFA-129462024820}.Release|Any CPU.Build.0 = Release|Any CPU
	EndGlobalSection
	GlobalSection(SolutionProperties) = preSolution
		HideSolutionNode = FALSE
	EndGlobalSection
EndGlobal
