
Microsoft Visual Studio Solution File, Format Version 12.00
# Visual Studio 2013
VisualStudioVersion = 12.0.30501.0
MinimumVisualStudioVersion = 10.0.40219.1
Project("{FAE04EC0-301F-11D3-BF4B-00C04F79EFBC}") = "_EEBot", "_EEBot\_EEBot.csproj", "{C960C18F-5831-4C0D-8B4A-B4EC08E94D82}"
EndProject
Project("{FAE04EC0-301F-11D3-BF4B-00C04F79EFBC}") = "_EE", "..\..\Indicators\_EE\_EE\_EE.csproj", "{E95A80A9-4E33-4D79-85D5-34AB76333C2C}"
EndProject
Global
	GlobalSection(SolutionConfigurationPlatforms) = preSolution
		Debug|Any CPU = Debug|Any CPU
		Release|Any CPU = Release|Any CPU
	EndGlobalSection
	GlobalSection(ProjectConfigurationPlatforms) = postSolution
		{C960C18F-5831-4C0D-8B4A-B4EC08E94D82}.Debug|Any CPU.ActiveCfg = Debug|Any CPU
		{C960C18F-5831-4C0D-8B4A-B4EC08E94D82}.Debug|Any CPU.Build.0 = Debug|Any CPU
		{C960C18F-5831-4C0D-8B4A-B4EC08E94D82}.Release|Any CPU.ActiveCfg = Release|Any CPU
		{C960C18F-5831-4C0D-8B4A-B4EC08E94D82}.Release|Any CPU.Build.0 = Release|Any CPU
		{E95A80A9-4E33-4D79-85D5-34AB76333C2C}.Debug|Any CPU.ActiveCfg = Debug|Any CPU
		{E95A80A9-4E33-4D79-85D5-34AB76333C2C}.Debug|Any CPU.Build.0 = Debug|Any CPU
		{E95A80A9-4E33-4D79-85D5-34AB76333C2C}.Release|Any CPU.ActiveCfg = Release|Any CPU
		{E95A80A9-4E33-4D79-85D5-34AB76333C2C}.Release|Any CPU.Build.0 = Release|Any CPU
	EndGlobalSection
	GlobalSection(SolutionProperties) = preSolution
		HideSolutionNode = FALSE
	EndGlobalSection
EndGlobal
