
Microsoft Visual Studio Solution File, Format Version 11.00
# Visual Studio 2010
Project("{FAE04EC0-301F-11D3-BF4B-00C04F79EFBC}") = "CCI", "CCI\CCI.csproj", "{4649AD6A-B5D6-4BC8-A992-5B4D9E58E92E}"
EndProject
Global
	GlobalSection(SolutionConfigurationPlatforms) = preSolution
		Debug|Any CPU = Debug|Any CPU
		Release|Any CPU = Release|Any CPU
	EndGlobalSection
	GlobalSection(ProjectConfigurationPlatforms) = postSolution
		{4649AD6A-B5D6-4BC8-A992-5B4D9E58E92E}.Debug|Any CPU.ActiveCfg = Debug|Any CPU
		{4649AD6A-B5D6-4BC8-A992-5B4D9E58E92E}.Debug|Any CPU.Build.0 = Debug|Any CPU
		{4649AD6A-B5D6-4BC8-A992-5B4D9E58E92E}.Release|Any CPU.ActiveCfg = Release|Any CPU
		{4649AD6A-B5D6-4BC8-A992-5B4D9E58E92E}.Release|Any CPU.Build.0 = Release|Any CPU
	EndGlobalSection
	GlobalSection(SolutionProperties) = preSolution
		HideSolutionNode = FALSE
	EndGlobalSection
EndGlobal
