
Microsoft Visual Studio Solution File, Format Version 11.00
# Visual Studio 2010
Project("{FAE04EC0-301F-11D3-BF4B-00C04F79EFBC}") = "BarBreakout", "BarBreakout\BarBreakout.csproj", "{91279629-E67D-4DB5-B906-7DF1214BBBB9}"
EndProject
Global
	GlobalSection(SolutionConfigurationPlatforms) = preSolution
		Debug|Any CPU = Debug|Any CPU
		Release|Any CPU = Release|Any CPU
	EndGlobalSection
	GlobalSection(ProjectConfigurationPlatforms) = postSolution
		{91279629-E67D-4DB5-B906-7DF1214BBBB9}.Debug|Any CPU.ActiveCfg = Debug|Any CPU
		{91279629-E67D-4DB5-B906-7DF1214BBBB9}.Debug|Any CPU.Build.0 = Debug|Any CPU
		{91279629-E67D-4DB5-B906-7DF1214BBBB9}.Release|Any CPU.ActiveCfg = Release|Any CPU
		{91279629-E67D-4DB5-B906-7DF1214BBBB9}.Release|Any CPU.Build.0 = Release|Any CPU
	EndGlobalSection
	GlobalSection(SolutionProperties) = preSolution
		HideSolutionNode = FALSE
	EndGlobalSection
EndGlobal
