
Microsoft Visual Studio Solution File, Format Version 11.00
# Visual Studio 2010
Project("{FAE04EC0-301F-11D3-BF4B-00C04F79EFBC}") = "FTBollingerBands", "FTBollingerBands\FTBollingerBands.csproj", "{EA6F389E-D299-4E72-A772-0ABA13DEFC52}"
EndProject
Global
	GlobalSection(SolutionConfigurationPlatforms) = preSolution
		Debug|Any CPU = Debug|Any CPU
		Release|Any CPU = Release|Any CPU
	EndGlobalSection
	GlobalSection(ProjectConfigurationPlatforms) = postSolution
		{EA6F389E-D299-4E72-A772-0ABA13DEFC52}.Debug|Any CPU.ActiveCfg = Debug|Any CPU
		{EA6F389E-D299-4E72-A772-0ABA13DEFC52}.Debug|Any CPU.Build.0 = Debug|Any CPU
		{EA6F389E-D299-4E72-A772-0ABA13DEFC52}.Release|Any CPU.ActiveCfg = Release|Any CPU
		{EA6F389E-D299-4E72-A772-0ABA13DEFC52}.Release|Any CPU.Build.0 = Release|Any CPU
	EndGlobalSection
	GlobalSection(SolutionProperties) = preSolution
		HideSolutionNode = FALSE
	EndGlobalSection
EndGlobal
