Microsoft Visual Studio Solution File, Format Version 12.00
# Visual Studio 2013
VisualStudioVersion = 12.0.30501.0
MinimumVisualStudioVersion = 10.0.40219.1
Project("{FAE04EC0-301F-11D3-BF4B-00C04F79EFBC}") = "_Magnify_MAC", "_Magnify_MAC\_Magnify_MAC.csproj", "{4DACF84E-B2ED-484A-AF31-E892076A8041}"
EndProject
Project("{FAE04EC0-301F-11D3-BF4B-00C04F79EFBC}") = "_Magnify_MACross", "..\_Magnify_MACross\_Magnify_MACross\_Magnify_MACross.csproj", "{77ADA415-2333-4325-8902-D979C6B9663C}"
EndProject
Project("{FAE04EC0-301F-11D3-BF4B-00C04F79EFBC}") = "_Magnify_MaSub", "..\_Magnify_MaSub\_Magnify_MaSub\_Magnify_MaSub.csproj", "{A6D51FB1-E1AA-4C03-8DA2-E71510895742}"
EndProject
Global
	GlobalSection(SolutionConfigurationPlatforms) = preSolution
		Debug|Any CPU = Debug|Any CPU
		Release|Any CPU = Release|Any CPU
	EndGlobalSection
	GlobalSection(ProjectConfigurationPlatforms) = postSolution
		{4DACF84E-B2ED-484A-AF31-E892076A8041}.Debug|Any CPU.ActiveCfg = Debug|Any CPU
		{4DACF84E-B2ED-484A-AF31-E892076A8041}.Debug|Any CPU.Build.0 = Debug|Any CPU
		{4DACF84E-B2ED-484A-AF31-E892076A8041}.Release|Any CPU.ActiveCfg = Release|Any CPU
		{4DACF84E-B2ED-484A-AF31-E892076A8041}.Release|Any CPU.Build.0 = Release|Any CPU
		{77ADA415-2333-4325-8902-D979C6B9663C}.Debug|Any CPU.ActiveCfg = Debug|Any CPU
		{77ADA415-2333-4325-8902-D979C6B9663C}.Debug|Any CPU.Build.0 = Debug|Any CPU
		{77ADA415-2333-4325-8902-D979C6B9663C}.Release|Any CPU.ActiveCfg = Release|Any CPU
		{77ADA415-2333-4325-8902-D979C6B9663C}.Release|Any CPU.Build.0 = Release|Any CPU
		{A6D51FB1-E1AA-4C03-8DA2-E71510895742}.Debug|Any CPU.ActiveCfg = Debug|Any CPU
		{A6D51FB1-E1AA-4C03-8DA2-E71510895742}.Debug|Any CPU.Build.0 = Debug|Any CPU
		{A6D51FB1-E1AA-4C03-8DA2-E71510895742}.Release|Any CPU.ActiveCfg = Release|Any CPU
		{A6D51FB1-E1AA-4C03-8DA2-E71510895742}.Release|Any CPU.Build.0 = Release|Any CPU
	EndGlobalSection
	GlobalSection(SolutionProperties) = preSolution
		HideSolutionNode = FALSE
	EndGlobalSection
EndGlobal
