
Microsoft Visual Studio Solution File, Format Version 11.00
# Visual Studio 2010
Project("{FAE04EC0-301F-11D3-BF4B-00C04F79EFBC}") = "PRO SCALPER v1", "PRO SCALPER v1\PRO SCALPER v1.csproj", "{E7C1B5B4-C1D3-4491-8885-DC0D5A7E25FB}"
EndProject
Global
	GlobalSection(SolutionConfigurationPlatforms) = preSolution
		Debug|Any CPU = Debug|Any CPU
		Release|Any CPU = Release|Any CPU
	EndGlobalSection
	GlobalSection(ProjectConfigurationPlatforms) = postSolution
		{E7C1B5B4-C1D3-4491-8885-DC0D5A7E25FB}.Debug|Any CPU.ActiveCfg = Debug|Any CPU
		{E7C1B5B4-C1D3-4491-8885-DC0D5A7E25FB}.Debug|Any CPU.Build.0 = Debug|Any CPU
		{E7C1B5B4-C1D3-4491-8885-DC0D5A7E25FB}.Release|Any CPU.ActiveCfg = Release|Any CPU
		{E7C1B5B4-C1D3-4491-8885-DC0D5A7E25FB}.Release|Any CPU.Build.0 = Release|Any CPU
	EndGlobalSection
	GlobalSection(SolutionProperties) = preSolution
		HideSolutionNode = FALSE
	EndGlobalSection
EndGlobal
