
Microsoft Visual Studio Solution File, Format Version 12.00
# Visual Studio 2013
VisualStudioVersion = 12.0.30501.0
MinimumVisualStudioVersion = 10.0.40219.1
Project("{FAE04EC0-301F-11D3-BF4B-00C04F79EFBC}") = "ToSql_XAUXAG", "ToSql_XAUXAG\ToSql_XAUXAG.csproj", "{601D43D2-6D76-421D-96F7-87E5D26498E6}"
EndProject
Project("{FAE04EC0-301F-11D3-BF4B-00C04F79EFBC}") = "Metals_MAC", "..\..\Indicators\Metals_MAC\Metals_MAC\Metals_MAC.csproj", "{63FCCF06-7483-45F7-A378-8300DEDF5879}"
EndProject
Project("{FAE04EC0-301F-11D3-BF4B-00C04F79EFBC}") = "Metals_MAS", "..\..\Indicators\Metals_MAS\Metals_MAS\Metals_MAS.csproj", "{8B82BCC7-716F-4FAE-A595-D69034431C76}"
EndProject
Global
	GlobalSection(SolutionConfigurationPlatforms) = preSolution
		Debug|Any CPU = Debug|Any CPU
		Release|Any CPU = Release|Any CPU
	EndGlobalSection
	GlobalSection(ProjectConfigurationPlatforms) = postSolution
		{601D43D2-6D76-421D-96F7-87E5D26498E6}.Debug|Any CPU.ActiveCfg = Debug|Any CPU
		{601D43D2-6D76-421D-96F7-87E5D26498E6}.Debug|Any CPU.Build.0 = Debug|Any CPU
		{601D43D2-6D76-421D-96F7-87E5D26498E6}.Release|Any CPU.ActiveCfg = Release|Any CPU
		{601D43D2-6D76-421D-96F7-87E5D26498E6}.Release|Any CPU.Build.0 = Release|Any CPU
		{63FCCF06-7483-45F7-A378-8300DEDF5879}.Debug|Any CPU.ActiveCfg = Debug|Any CPU
		{63FCCF06-7483-45F7-A378-8300DEDF5879}.Debug|Any CPU.Build.0 = Debug|Any CPU
		{63FCCF06-7483-45F7-A378-8300DEDF5879}.Release|Any CPU.ActiveCfg = Release|Any CPU
		{63FCCF06-7483-45F7-A378-8300DEDF5879}.Release|Any CPU.Build.0 = Release|Any CPU
		{8B82BCC7-716F-4FAE-A595-D69034431C76}.Debug|Any CPU.ActiveCfg = Debug|Any CPU
		{8B82BCC7-716F-4FAE-A595-D69034431C76}.Debug|Any CPU.Build.0 = Debug|Any CPU
		{8B82BCC7-716F-4FAE-A595-D69034431C76}.Release|Any CPU.ActiveCfg = Release|Any CPU
		{8B82BCC7-716F-4FAE-A595-D69034431C76}.Release|Any CPU.Build.0 = Release|Any CPU
	EndGlobalSection
	GlobalSection(SolutionProperties) = preSolution
		HideSolutionNode = FALSE
	EndGlobalSection
EndGlobal
