
Microsoft Visual Studio Solution File, Format Version 12.00
# Visual Studio 2013
VisualStudioVersion = 12.0.30501.0
MinimumVisualStudioVersion = 10.0.40219.1
Project("{FAE04EC0-301F-11D3-BF4B-00C04F79EFBC}") = "cAlgo.Lib", "..\Library\cAlgoLib\cAlgo.Lib.csproj", "{D3E50B06-5578-42A2-ADDD-42F25D5A1F4C}"
EndProject
Project("{FAE04EC0-301F-11D3-BF4B-00C04F79EFBC}") = "_EE", "..\Indicators\_EE\_EE\_EE.csproj", "{E95A80A9-4E33-4D79-85D5-34AB76333C2C}"
EndProject
Project("{FAE04EC0-301F-11D3-BF4B-00C04F79EFBC}") = "_EEBot", "..\Robots\_EEBot\_EEBot\_EEBot.csproj", "{C960C18F-5831-4C0D-8B4A-B4EC08E94D82}"
EndProject
Project("{2150E333-8FDC-42A3-9474-1A3956D46DE8}") = "Indicators", "Indicators", "{5DFE3331-AE79-4CDE-ABDC-F29A059BC418}"
EndProject
Project("{2150E333-8FDC-42A3-9474-1A3956D46DE8}") = "Robots", "Robots", "{3D654A64-B123-4E39-BC00-029F3B3675B3}"
EndProject
Project("{2150E333-8FDC-42A3-9474-1A3956D46DE8}") = "Strategies", "Strategies", "{F21BBCCF-E647-4867-A543-422D5A538C31}"
EndProject
Project("{FAE04EC0-301F-11D3-BF4B-00C04F79EFBC}") = "EEStrategy", "EEStrategy\EEStrategy.csproj", "{0518D3CA-544E-4F44-AF33-6AC48B1120BC}"
EndProject
Global
	GlobalSection(SolutionConfigurationPlatforms) = preSolution
		Debug|Any CPU = Debug|Any CPU
		Release|Any CPU = Release|Any CPU
	EndGlobalSection
	GlobalSection(ProjectConfigurationPlatforms) = postSolution
		{D3E50B06-5578-42A2-ADDD-42F25D5A1F4C}.Debug|Any CPU.ActiveCfg = Debug|Any CPU
		{D3E50B06-5578-42A2-ADDD-42F25D5A1F4C}.Debug|Any CPU.Build.0 = Debug|Any CPU
		{D3E50B06-5578-42A2-ADDD-42F25D5A1F4C}.Release|Any CPU.ActiveCfg = Release|Any CPU
		{D3E50B06-5578-42A2-ADDD-42F25D5A1F4C}.Release|Any CPU.Build.0 = Release|Any CPU
		{E95A80A9-4E33-4D79-85D5-34AB76333C2C}.Debug|Any CPU.ActiveCfg = Debug|Any CPU
		{E95A80A9-4E33-4D79-85D5-34AB76333C2C}.Debug|Any CPU.Build.0 = Debug|Any CPU
		{E95A80A9-4E33-4D79-85D5-34AB76333C2C}.Release|Any CPU.ActiveCfg = Release|Any CPU
		{E95A80A9-4E33-4D79-85D5-34AB76333C2C}.Release|Any CPU.Build.0 = Release|Any CPU
		{C960C18F-5831-4C0D-8B4A-B4EC08E94D82}.Debug|Any CPU.ActiveCfg = Debug|Any CPU
		{C960C18F-5831-4C0D-8B4A-B4EC08E94D82}.Debug|Any CPU.Build.0 = Debug|Any CPU
		{C960C18F-5831-4C0D-8B4A-B4EC08E94D82}.Release|Any CPU.ActiveCfg = Release|Any CPU
		{C960C18F-5831-4C0D-8B4A-B4EC08E94D82}.Release|Any CPU.Build.0 = Release|Any CPU
		{0518D3CA-544E-4F44-AF33-6AC48B1120BC}.Debug|Any CPU.ActiveCfg = Debug|Any CPU
		{0518D3CA-544E-4F44-AF33-6AC48B1120BC}.Debug|Any CPU.Build.0 = Debug|Any CPU
		{0518D3CA-544E-4F44-AF33-6AC48B1120BC}.Release|Any CPU.ActiveCfg = Release|Any CPU
		{0518D3CA-544E-4F44-AF33-6AC48B1120BC}.Release|Any CPU.Build.0 = Release|Any CPU
	EndGlobalSection
	GlobalSection(SolutionProperties) = preSolution
		HideSolutionNode = FALSE
	EndGlobalSection
	GlobalSection(NestedProjects) = preSolution
		{E95A80A9-4E33-4D79-85D5-34AB76333C2C} = {5DFE3331-AE79-4CDE-ABDC-F29A059BC418}
		{C960C18F-5831-4C0D-8B4A-B4EC08E94D82} = {3D654A64-B123-4E39-BC00-029F3B3675B3}
		{0518D3CA-544E-4F44-AF33-6AC48B1120BC} = {F21BBCCF-E647-4867-A543-422D5A538C31}
	EndGlobalSection
EndGlobal
