
Microsoft Visual Studio Solution File, Format Version 11.00
# Visual Studio 2010
Project("{FAE04EC0-301F-11D3-BF4B-00C04F79EFBC}") = "USD_GBPEUR_L", "USD_GBPEUR_L\USD_GBPEUR_L.csproj", "{DC5A2BB9-CD60-411F-921E-7FA26730FC14}"
EndProject
Global
	GlobalSection(SolutionConfigurationPlatforms) = preSolution
		Debug|Any CPU = Debug|Any CPU
		Release|Any CPU = Release|Any CPU
	EndGlobalSection
	GlobalSection(ProjectConfigurationPlatforms) = postSolution
		{DC5A2BB9-CD60-411F-921E-7FA26730FC14}.Debug|Any CPU.ActiveCfg = Debug|Any CPU
		{DC5A2BB9-CD60-411F-921E-7FA26730FC14}.Debug|Any CPU.Build.0 = Debug|Any CPU
		{DC5A2BB9-CD60-411F-921E-7FA26730FC14}.Release|Any CPU.ActiveCfg = Release|Any CPU
		{DC5A2BB9-CD60-411F-921E-7FA26730FC14}.Release|Any CPU.Build.0 = Release|Any CPU
	EndGlobalSection
	GlobalSection(SolutionProperties) = preSolution
		HideSolutionNode = FALSE
	EndGlobalSection
EndGlobal

Project("{FAE04EC0-301F-11D3-BF4B-00C04F79EFBC}") = "USD_EURCHF", "..\USD_EURCHF\USD_EURCHF\USD_EURCHF.csproj", "{397C5F1C-2A1B-41AD-8642-A8770B8A675C}"
EndProject
Project("{FAE04EC0-301F-11D3-BF4B-00C04F79EFBC}") = "USD_GBPEUR", "..\USD_GBPEUR\USD_GBPEUR\USD_GBPEUR.csproj", "{F9DDE63B-CFF8-4762-B206-6F5F75FAD6A8}"
EndProject