
Microsoft Visual Studio Solution File, Format Version 11.00
# Visual Studio 2010
Project("{FAE04EC0-301F-11D3-BF4B-00C04F79EFBC}") = "VMAS_Oil", "VMAS_Oil\VMAS_Oil.csproj", "{AB2409D5-9E62-45F2-8F04-37DEF23393CC}"
EndProject
Global
	GlobalSection(SolutionConfigurationPlatforms) = preSolution
		Debug|Any CPU = Debug|Any CPU
		Release|Any CPU = Release|Any CPU
	EndGlobalSection
	GlobalSection(ProjectConfigurationPlatforms) = postSolution
		{AB2409D5-9E62-45F2-8F04-37DEF23393CC}.Debug|Any CPU.ActiveCfg = Debug|Any CPU
		{AB2409D5-9E62-45F2-8F04-37DEF23393CC}.Debug|Any CPU.Build.0 = Debug|Any CPU
		{AB2409D5-9E62-45F2-8F04-37DEF23393CC}.Release|Any CPU.ActiveCfg = Release|Any CPU
		{AB2409D5-9E62-45F2-8F04-37DEF23393CC}.Release|Any CPU.Build.0 = Release|Any CPU
	EndGlobalSection
	GlobalSection(SolutionProperties) = preSolution
		HideSolutionNode = FALSE
	EndGlobalSection
EndGlobal

Project("{FAE04EC0-301F-11D3-BF4B-00C04F79EFBC}") = "Oil_MaCross", "..\Oil_MaCross\Oil_MaCross\Oil_MaCross.csproj", "{77ADA415-2333-4325-8902-D979C6B9663C}"
EndProject
Project("{FAE04EC0-301F-11D3-BF4B-00C04F79EFBC}") = "Oil_MaSub", "..\Oil_MaSub\Oil_MaSub\Oil_MaSub.csproj", "{8385630B-FBA5-4963-BFFA-129462024820}"
EndProject