
Microsoft Visual Studio Solution File, Format Version 11.00
# Visual Studio 2010
Project("{FAE04EC0-301F-11D3-BF4B-00C04F79EFBC}") = "cAlgo4u Simplified Excel Write", "cAlgo4u Simplified Excel Write\cAlgo4u Simplified Excel Write.csproj", "{BF2F66D0-C293-4C21-A0D2-E09D948B0A59}"
EndProject
Global
	GlobalSection(SolutionConfigurationPlatforms) = preSolution
		Debug|Any CPU = Debug|Any CPU
		Release|Any CPU = Release|Any CPU
	EndGlobalSection
	GlobalSection(ProjectConfigurationPlatforms) = postSolution
		{BF2F66D0-C293-4C21-A0D2-E09D948B0A59}.Debug|Any CPU.ActiveCfg = Debug|Any CPU
		{BF2F66D0-C293-4C21-A0D2-E09D948B0A59}.Debug|Any CPU.Build.0 = Debug|Any CPU
		{BF2F66D0-C293-4C21-A0D2-E09D948B0A59}.Release|Any CPU.ActiveCfg = Release|Any CPU
		{BF2F66D0-C293-4C21-A0D2-E09D948B0A59}.Release|Any CPU.Build.0 = Release|Any CPU
	EndGlobalSection
	GlobalSection(SolutionProperties) = preSolution
		HideSolutionNode = FALSE
	EndGlobalSection
EndGlobal
