Microsoft Visual Studio Solution File, Format Version 12.00
# Visual Studio 2013
VisualStudioVersion = 12.0.30501.0
MinimumVisualStudioVersion = 10.0.40219.1
Project("{FAE04EC0-301F-11D3-BF4B-00C04F79EFBC}") = "Signal_macs_xbrxti", "Signal_macs_xbrxti\Signal_macs_xbrxti.csproj", "{808C4A0E-6B72-44D6-BE5C-AE50B893720B}"
EndProject


Global
	GlobalSection(SolutionConfigurationPlatforms) = preSolution
		Debug|Any CPU = Debug|Any CPU
		Release|Any CPU = Release|Any CPU
	EndGlobalSection
	GlobalSection(ProjectConfigurationPlatforms) = postSolution
		{808C4A0E-6B72-44D6-BE5C-AE50B893720B}.Debug|Any CPU.ActiveCfg = Debug|Any CPU
		{808C4A0E-6B72-44D6-BE5C-AE50B893720B}.Debug|Any CPU.Build.0 = Debug|Any CPU
		{808C4A0E-6B72-44D6-BE5C-AE50B893720B}.Release|Any CPU.ActiveCfg = Release|Any CPU
		{808C4A0E-6B72-44D6-BE5C-AE50B893720B}.Release|Any CPU.Build.0 = Release|Any CPU
		{4DACF84E-B2ED-484A-AF31-E892076A8041}.Debug|Any CPU.ActiveCfg = Debug|Any CPU
		{4DACF84E-B2ED-484A-AF31-E892076A8041}.Debug|Any CPU.Build.0 = Debug|Any CPU
		{4DACF84E-B2ED-484A-AF31-E892076A8041}.Release|Any CPU.ActiveCfg = Release|Any CPU
		{4DACF84E-B2ED-484A-AF31-E892076A8041}.Release|Any CPU.Build.0 = Release|Any CPU
		{26287B93-888B-407C-A4CA-7F293EEF3321}.Debug|Any CPU.ActiveCfg = Debug|Any CPU
		{26287B93-888B-407C-A4CA-7F293EEF3321}.Debug|Any CPU.Build.0 = Debug|Any CPU
		{26287B93-888B-407C-A4CA-7F293EEF3321}.Release|Any CPU.ActiveCfg = Release|Any CPU
		{26287B93-888B-407C-A4CA-7F293EEF3321}.Release|Any CPU.Build.0 = Release|Any CPU
	EndGlobalSection
	GlobalSection(SolutionProperties) = preSolution
		HideSolutionNode = FALSE
	EndGlobalSection
EndGlobal

Project("{FAE04EC0-301F-11D3-BF4B-00C04F79EFBC}") = "Oil_MAC", "..\..\Indicators\Oil_MAC\Oil_MAC\Oil_MAC.csproj", "{EB30E95F-0A01-45D6-9BE9-7152A194B8DA}"
EndProject
Project("{FAE04EC0-301F-11D3-BF4B-00C04F79EFBC}") = "Oil_MAS", "..\..\Indicators\Oil_MAS\Oil_MAS\Oil_MAS.csproj", "{A25947F7-9E20-48E0-8E1C-0115F84A55C9}"
EndProject