
Microsoft Visual Studio Solution File, Format Version 11.00
# Visual Studio 2010
Project("{FAE04EC0-301F-11D3-BF4B-00C04F79EFBC}") = "Oil_Close", "Oil_Close\Oil_Close.csproj", "{7E89BE42-E6DB-4034-8492-88E62E097DDA}"
EndProject
Global
	GlobalSection(SolutionConfigurationPlatforms) = preSolution
		Debug|Any CPU = Debug|Any CPU
		Release|Any CPU = Release|Any CPU
	EndGlobalSection
	GlobalSection(ProjectConfigurationPlatforms) = postSolution
		{7E89BE42-E6DB-4034-8492-88E62E097DDA}.Debug|Any CPU.ActiveCfg = Debug|Any CPU
		{7E89BE42-E6DB-4034-8492-88E62E097DDA}.Debug|Any CPU.Build.0 = Debug|Any CPU
		{7E89BE42-E6DB-4034-8492-88E62E097DDA}.Release|Any CPU.ActiveCfg = Release|Any CPU
		{7E89BE42-E6DB-4034-8492-88E62E097DDA}.Release|Any CPU.Build.0 = Release|Any CPU
	EndGlobalSection
	GlobalSection(SolutionProperties) = preSolution
		HideSolutionNode = FALSE
	EndGlobalSection
EndGlobal
