
Microsoft Visual Studio Solution File, Format Version 12.00
# Visual Studio 2013
VisualStudioVersion = 12.0.30501.0
MinimumVisualStudioVersion = 10.0.40219.1
Project("{FAE04EC0-301F-11D3-BF4B-00C04F79EFBC}") = "MACS_Magnify", "MACS_Magnify\MACS_Magnify.csproj", "{C33780F5-D322-4B07-9472-0E54A728D157}"
EndProject


Global
	GlobalSection(SolutionConfigurationPlatforms) = preSolution
		Debug|Any CPU = Debug|Any CPU
		Release|Any CPU = Release|Any CPU
	EndGlobalSection
	GlobalSection(ProjectConfigurationPlatforms) = postSolution
		{C33780F5-D322-4B07-9472-0E54A728D157}.Debug|Any CPU.ActiveCfg = Debug|Any CPU
		{C33780F5-D322-4B07-9472-0E54A728D157}.Debug|Any CPU.Build.0 = Debug|Any CPU
		{C33780F5-D322-4B07-9472-0E54A728D157}.Release|Any CPU.ActiveCfg = Release|Any CPU
		{C33780F5-D322-4B07-9472-0E54A728D157}.Release|Any CPU.Build.0 = Release|Any CPU
		{4DACF84E-B2ED-484A-AF31-E892076A8041}.Debug|Any CPU.ActiveCfg = Debug|Any CPU
		{4DACF84E-B2ED-484A-AF31-E892076A8041}.Debug|Any CPU.Build.0 = Debug|Any CPU
		{4DACF84E-B2ED-484A-AF31-E892076A8041}.Release|Any CPU.ActiveCfg = Release|Any CPU
		{4DACF84E-B2ED-484A-AF31-E892076A8041}.Release|Any CPU.Build.0 = Release|Any CPU
		{BCE3082A-0491-4C6D-8E9A-0B6A85B322B2}.Debug|Any CPU.ActiveCfg = Debug|Any CPU
		{BCE3082A-0491-4C6D-8E9A-0B6A85B322B2}.Debug|Any CPU.Build.0 = Debug|Any CPU
		{BCE3082A-0491-4C6D-8E9A-0B6A85B322B2}.Release|Any CPU.ActiveCfg = Release|Any CPU
		{BCE3082A-0491-4C6D-8E9A-0B6A85B322B2}.Release|Any CPU.Build.0 = Release|Any CPU
	EndGlobalSection
	GlobalSection(SolutionProperties) = preSolution
		HideSolutionNode = FALSE
	EndGlobalSection
EndGlobal
