Microsoft Visual Studio Solution File, Format Version 12.00
# Visual Studio 2013
VisualStudioVersion = 12.0.30501.0
MinimumVisualStudioVersion = 10.0.40219.1
Project("{FAE04EC0-301F-11D3-BF4B-00C04F79EFBC}") = "ToSql", "ToSql\ToSql.csproj", "{3D9B97B0-90D9-4451-AF48-075B42537477}"
EndProject
Project("{FAE04EC0-301F-11D3-BF4B-00C04F79EFBC}") = "Metals_MAC", "..\..\Indicators\Metals_MAC\Metals_MAC\Metals_MAC.csproj", "{63FCCF06-7483-45F7-A378-8300DEDF5879}"
EndProject
Project("{FAE04EC0-301F-11D3-BF4B-00C04F79EFBC}") = "Metals_MAS", "..\..\Indicators\Metals_MAS\Metals_MAS\Metals_MAS.csproj", "{8B82BCC7-716F-4FAE-A595-D69034431C76}"
EndProject
Project("{FAE04EC0-301F-11D3-BF4B-00C04F79EFBC}") = "Oil_MAC", "..\..\Indicators\Oil_MAC\Oil_MAC\Oil_MAC.csproj", "{EB30E95F-0A01-45D6-9BE9-7152A194B8DA}"
EndProject
Project("{FAE04EC0-301F-11D3-BF4B-00C04F79EFBC}") = "Oil_MAS", "..\..\Indicators\Oil_MAS\Oil_MAS\Oil_MAS.csproj", "{A25947F7-9E20-48E0-8E1C-0115F84A55C9}"
EndProject
Project("{FAE04EC0-301F-11D3-BF4B-00C04F79EFBC}") = "SMAC", "..\..\Indicators\SMAC\SMAC\SMAC.csproj", "{175D4B24-BADC-4760-B565-48F5E900CCA5}"
EndProject
Project("{FAE04EC0-301F-11D3-BF4B-00C04F79EFBC}") = "SMAS", "..\..\Indicators\SMAS\SMAS\SMAS.csproj", "{C35E0699-6C93-4483-B4FC-9EA2FCC5075C}"
EndProject
Global
	GlobalSection(SolutionConfigurationPlatforms) = preSolution
		Debug|Any CPU = Debug|Any CPU
		Release|Any CPU = Release|Any CPU
	EndGlobalSection
	GlobalSection(ProjectConfigurationPlatforms) = postSolution
		{3D9B97B0-90D9-4451-AF48-075B42537477}.Debug|Any CPU.ActiveCfg = Debug|Any CPU
		{3D9B97B0-90D9-4451-AF48-075B42537477}.Debug|Any CPU.Build.0 = Debug|Any CPU
		{3D9B97B0-90D9-4451-AF48-075B42537477}.Release|Any CPU.ActiveCfg = Release|Any CPU
		{3D9B97B0-90D9-4451-AF48-075B42537477}.Release|Any CPU.Build.0 = Release|Any CPU
		{63FCCF06-7483-45F7-A378-8300DEDF5879}.Debug|Any CPU.ActiveCfg = Debug|Any CPU
		{63FCCF06-7483-45F7-A378-8300DEDF5879}.Debug|Any CPU.Build.0 = Debug|Any CPU
		{63FCCF06-7483-45F7-A378-8300DEDF5879}.Release|Any CPU.ActiveCfg = Release|Any CPU
		{63FCCF06-7483-45F7-A378-8300DEDF5879}.Release|Any CPU.Build.0 = Release|Any CPU
		{8B82BCC7-716F-4FAE-A595-D69034431C76}.Debug|Any CPU.ActiveCfg = Debug|Any CPU
		{8B82BCC7-716F-4FAE-A595-D69034431C76}.Debug|Any CPU.Build.0 = Debug|Any CPU
		{8B82BCC7-716F-4FAE-A595-D69034431C76}.Release|Any CPU.ActiveCfg = Release|Any CPU
		{8B82BCC7-716F-4FAE-A595-D69034431C76}.Release|Any CPU.Build.0 = Release|Any CPU
		{EB30E95F-0A01-45D6-9BE9-7152A194B8DA}.Debug|Any CPU.ActiveCfg = Debug|Any CPU
		{EB30E95F-0A01-45D6-9BE9-7152A194B8DA}.Debug|Any CPU.Build.0 = Debug|Any CPU
		{EB30E95F-0A01-45D6-9BE9-7152A194B8DA}.Release|Any CPU.ActiveCfg = Release|Any CPU
		{EB30E95F-0A01-45D6-9BE9-7152A194B8DA}.Release|Any CPU.Build.0 = Release|Any CPU
		{A25947F7-9E20-48E0-8E1C-0115F84A55C9}.Debug|Any CPU.ActiveCfg = Debug|Any CPU
		{A25947F7-9E20-48E0-8E1C-0115F84A55C9}.Debug|Any CPU.Build.0 = Debug|Any CPU
		{A25947F7-9E20-48E0-8E1C-0115F84A55C9}.Release|Any CPU.ActiveCfg = Release|Any CPU
		{A25947F7-9E20-48E0-8E1C-0115F84A55C9}.Release|Any CPU.Build.0 = Release|Any CPU
		{175D4B24-BADC-4760-B565-48F5E900CCA5}.Debug|Any CPU.ActiveCfg = Debug|Any CPU
		{175D4B24-BADC-4760-B565-48F5E900CCA5}.Debug|Any CPU.Build.0 = Debug|Any CPU
		{175D4B24-BADC-4760-B565-48F5E900CCA5}.Release|Any CPU.ActiveCfg = Release|Any CPU
		{175D4B24-BADC-4760-B565-48F5E900CCA5}.Release|Any CPU.Build.0 = Release|Any CPU
		{C35E0699-6C93-4483-B4FC-9EA2FCC5075C}.Debug|Any CPU.ActiveCfg = Debug|Any CPU
		{C35E0699-6C93-4483-B4FC-9EA2FCC5075C}.Debug|Any CPU.Build.0 = Debug|Any CPU
		{C35E0699-6C93-4483-B4FC-9EA2FCC5075C}.Release|Any CPU.ActiveCfg = Release|Any CPU
		{C35E0699-6C93-4483-B4FC-9EA2FCC5075C}.Release|Any CPU.Build.0 = Release|Any CPU
	EndGlobalSection
	GlobalSection(SolutionProperties) = preSolution
		HideSolutionNode = FALSE
	EndGlobalSection
EndGlobal
