
Microsoft Visual Studio Solution File, Format Version 12.00
# Visual Studio 2013
VisualStudioVersion = 12.0.30501.0
MinimumVisualStudioVersion = 10.0.40219.1
Project("{FAE04EC0-301F-11D3-BF4B-00C04F79EFBC}") = "BarsTrend2", "BarsTrend2\BarsTrend2.csproj", "{1F0B96D2-EB04-44D1-BC32-739A13FB2E85}"
EndProject
Project("{FAE04EC0-301F-11D3-BF4B-00C04F79EFBC}") = "ZigZag", "..\..\Indicators\ZigZag\ZigZag\ZigZag.csproj", "{4F60C888-A86A-4C62-8734-4E353E0D4E37}"
EndProject
Global
	GlobalSection(SolutionConfigurationPlatforms) = preSolution
		Debug|Any CPU = Debug|Any CPU
		Release|Any CPU = Release|Any CPU
	EndGlobalSection
	GlobalSection(ProjectConfigurationPlatforms) = postSolution
		{1F0B96D2-EB04-44D1-BC32-739A13FB2E85}.Debug|Any CPU.ActiveCfg = Debug|Any CPU
		{1F0B96D2-EB04-44D1-BC32-739A13FB2E85}.Debug|Any CPU.Build.0 = Debug|Any CPU
		{1F0B96D2-EB04-44D1-BC32-739A13FB2E85}.Release|Any CPU.ActiveCfg = Release|Any CPU
		{1F0B96D2-EB04-44D1-BC32-739A13FB2E85}.Release|Any CPU.Build.0 = Release|Any CPU
		{4F60C888-A86A-4C62-8734-4E353E0D4E37}.Debug|Any CPU.ActiveCfg = Debug|Any CPU
		{4F60C888-A86A-4C62-8734-4E353E0D4E37}.Debug|Any CPU.Build.0 = Debug|Any CPU
		{4F60C888-A86A-4C62-8734-4E353E0D4E37}.Release|Any CPU.ActiveCfg = Release|Any CPU
		{4F60C888-A86A-4C62-8734-4E353E0D4E37}.Release|Any CPU.Build.0 = Release|Any CPU
	EndGlobalSection
	GlobalSection(SolutionProperties) = preSolution
		HideSolutionNode = FALSE
	EndGlobalSection
EndGlobal
